
Microsoft Visual Studio Solution File, Format Version 12.00
# Visual Studio Version 17
VisualStudioVersion = 17.5.33627.172
MinimumVisualStudioVersion = 10.0.40219.1
Project("{FAE04EC0-301F-11D3-BF4B-00C04F79EFBC}") = "Project_1", "Project_1\Project_1.csproj", "{A513C4AB-6826-44E4-B8C1-1A226D94CA1C}"
EndProject
Project("{FAE04EC0-301F-11D3-BF4B-00C04F79EFBC}") = "Project_2", "Project_2\Project_2.csproj", "{C3D53A55-2C8F-434A-A7E1-0A3CF51B1E37}"
EndProject
Global
	GlobalSection(SolutionConfigurationPlatforms) = preSolution
		Debug|Any CPU = Debug|Any CPU
		Release|Any CPU = Release|Any CPU
	EndGlobalSection
	GlobalSection(ProjectConfigurationPlatforms) = postSolution
		{A513C4AB-6826-44E4-B8C1-1A226D94CA1C}.Debug|Any CPU.ActiveCfg = Debug|Any CPU
		{A513C4AB-6826-44E4-B8C1-1A226D94CA1C}.Debug|Any CPU.Build.0 = Debug|Any CPU
		{A513C4AB-6826-44E4-B8C1-1A226D94CA1C}.Release|Any CPU.ActiveCfg = Release|Any CPU
		{A513C4AB-6826-44E4-B8C1-1A226D94CA1C}.Release|Any CPU.Build.0 = Release|Any CPU
		{C3D53A55-2C8F-434A-A7E1-0A3CF51B1E37}.Debug|Any CPU.ActiveCfg = Debug|Any CPU
		{C3D53A55-2C8F-434A-A7E1-0A3CF51B1E37}.Debug|Any CPU.Build.0 = Debug|Any CPU
		{C3D53A55-2C8F-434A-A7E1-0A3CF51B1E37}.Release|Any CPU.ActiveCfg = Release|Any CPU
		{C3D53A55-2C8F-434A-A7E1-0A3CF51B1E37}.Release|Any CPU.Build.0 = Release|Any CPU
	EndGlobalSection
	GlobalSection(SolutionProperties) = preSolution
		HideSolutionNode = FALSE
	EndGlobalSection
	GlobalSection(ExtensibilityGlobals) = postSolution
		SolutionGuid = {65530F56-847A-472B-9493-9D6B01051827}
	EndGlobalSection
EndGlobal
